
Microsoft Visual Studio Solution File, Format Version 12.00
# Visual Studio Version 17
VisualStudioVersion = 17.13.35931.197 d17.13
MinimumVisualStudioVersion = 10.0.40219.1
Project("{FAE04EC0-301F-11D3-BF4B-00C04F79EFBC}") = "GynnLaw", "GynnLaw\GynnLaw.csproj", "{272C7B92-6C3C-4887-93A1-BBBF0604B088}"
EndProject
Global
	GlobalSection(SolutionConfigurationPlatforms) = preSolution
		Debug|Any CPU = Debug|Any CPU
		Release|Any CPU = Release|Any CPU
	EndGlobalSection
	GlobalSection(ProjectConfigurationPlatforms) = postSolution
		{272C7B92-6C3C-4887-93A1-BBBF0604B088}.Debug|Any CPU.ActiveCfg = Debug|Any CPU
		{272C7B92-6C3C-4887-93A1-BBBF0604B088}.Debug|Any CPU.Build.0 = Debug|Any CPU
		{272C7B92-6C3C-4887-93A1-BBBF0604B088}.Release|Any CPU.ActiveCfg = Release|Any CPU
		{272C7B92-6C3C-4887-93A1-BBBF0604B088}.Release|Any CPU.Build.0 = Release|Any CPU
	EndGlobalSection
	GlobalSection(SolutionProperties) = preSolution
		HideSolutionNode = FALSE
	EndGlobalSection
	GlobalSection(ExtensibilityGlobals) = postSolution
		SolutionGuid = {5511FA97-4DB8-4C5F-90E0-40360E9B6ABE}
	EndGlobalSection
EndGlobal
